
Microsoft Visual Studio Solution File, Format Version 12.00
# Visual Studio Version 17
VisualStudioVersion = 17.1.32328.378
MinimumVisualStudioVersion = 10.0.40219.1
Project("{9A19103F-16F7-4668-BE54-9A1E7A4F7556}") = "Tamuz.Api", "src\Tamuz.Api\Tamuz.Api.csproj", "{F6E08C77-8EAD-4D31-9251-41A776D3953D}"
EndProject
Project("{9A19103F-16F7-4668-BE54-9A1E7A4F7556}") = "Tamuz.Tests", "src\Tamuz.Tests\Tamuz.Tests.csproj", "{38C6100C-9084-4185-BFC4-4246B22F6CED}"
EndProject
Project("{9A19103F-16F7-4668-BE54-9A1E7A4F7556}") = "Tamuz.Domain", "src\Tamuz.Domain\Tamuz.Domain.csproj", "{5EDEBCF2-3E51-4416-BE77-15DCC0E0878F}"
EndProject
Project("{FAE04EC0-301F-11D3-BF4B-00C04F79EFBC}") = "Tamuz.Infra", "src\Tamuz.Infra\Tamuz.Infra.csproj", "{0F147A98-A948-4304-95F3-ED1863AE6475}"
EndProject
Global
	GlobalSection(SolutionConfigurationPlatforms) = preSolution
		Debug|Any CPU = Debug|Any CPU
		Release|Any CPU = Release|Any CPU
	EndGlobalSection
	GlobalSection(ProjectConfigurationPlatforms) = postSolution
		{F6E08C77-8EAD-4D31-9251-41A776D3953D}.Debug|Any CPU.ActiveCfg = Debug|Any CPU
		{F6E08C77-8EAD-4D31-9251-41A776D3953D}.Debug|Any CPU.Build.0 = Debug|Any CPU
		{F6E08C77-8EAD-4D31-9251-41A776D3953D}.Release|Any CPU.ActiveCfg = Release|Any CPU
		{F6E08C77-8EAD-4D31-9251-41A776D3953D}.Release|Any CPU.Build.0 = Release|Any CPU
		{38C6100C-9084-4185-BFC4-4246B22F6CED}.Debug|Any CPU.ActiveCfg = Debug|Any CPU
		{38C6100C-9084-4185-BFC4-4246B22F6CED}.Debug|Any CPU.Build.0 = Debug|Any CPU
		{38C6100C-9084-4185-BFC4-4246B22F6CED}.Release|Any CPU.ActiveCfg = Release|Any CPU
		{38C6100C-9084-4185-BFC4-4246B22F6CED}.Release|Any CPU.Build.0 = Release|Any CPU
		{5EDEBCF2-3E51-4416-BE77-15DCC0E0878F}.Debug|Any CPU.ActiveCfg = Debug|Any CPU
		{5EDEBCF2-3E51-4416-BE77-15DCC0E0878F}.Debug|Any CPU.Build.0 = Debug|Any CPU
		{5EDEBCF2-3E51-4416-BE77-15DCC0E0878F}.Release|Any CPU.ActiveCfg = Release|Any CPU
		{5EDEBCF2-3E51-4416-BE77-15DCC0E0878F}.Release|Any CPU.Build.0 = Release|Any CPU
		{0F147A98-A948-4304-95F3-ED1863AE6475}.Debug|Any CPU.ActiveCfg = Debug|Any CPU
		{0F147A98-A948-4304-95F3-ED1863AE6475}.Debug|Any CPU.Build.0 = Debug|Any CPU
		{0F147A98-A948-4304-95F3-ED1863AE6475}.Release|Any CPU.ActiveCfg = Release|Any CPU
		{0F147A98-A948-4304-95F3-ED1863AE6475}.Release|Any CPU.Build.0 = Release|Any CPU
	EndGlobalSection
	GlobalSection(SolutionProperties) = preSolution
		HideSolutionNode = FALSE
	EndGlobalSection
	GlobalSection(ExtensibilityGlobals) = postSolution
		SolutionGuid = {46787781-474B-43E1-8D2B-59D5D23AA536}
	EndGlobalSection
EndGlobal
